{
  "requires": true,
  "lockfileVersion": 1,
  "dependencies": {
    "next-redux-wrapper": {
      "version": "3.0.0",
      "resolved": "https://registry.npmjs.org/next-redux-wrapper/-/next-redux-wrapper-3.0.0.tgz",
      "integrity": "sha512-bv8+YnvvyJCGzW3rhxtn5T5kDOJc3fzToz+tFOlGf3lH6uqYqKGTgfV7f+RfBndh0bW49pVm7QCt/TgCWZWSTA=="
    }
  }
}
